
Microsoft Visual Studio Solution File, Format Version 12.00
# Visual Studio Version 17
VisualStudioVersion = 17.14.36414.22 d17.14
MinimumVisualStudioVersion = 10.0.40219.1
Project("{FAE04EC0-301F-11D3-BF4B-00C04F79EFBC}") = "Llibreries", "Llibreries\Llibreries.csproj", "{0E6FFC02-2485-40A5-820B-4BB62CDA016D}"
EndProject
Global
	GlobalSection(SolutionConfigurationPlatforms) = preSolution
		Debug|Any CPU = Debug|Any CPU
		Release|Any CPU = Release|Any CPU
	EndGlobalSection
	GlobalSection(ProjectConfigurationPlatforms) = postSolution
		{0E6FFC02-2485-40A5-820B-4BB62CDA016D}.Debug|Any CPU.ActiveCfg = Debug|Any CPU
		{0E6FFC02-2485-40A5-820B-4BB62CDA016D}.Debug|Any CPU.Build.0 = Debug|Any CPU
		{0E6FFC02-2485-40A5-820B-4BB62CDA016D}.Release|Any CPU.ActiveCfg = Release|Any CPU
		{0E6FFC02-2485-40A5-820B-4BB62CDA016D}.Release|Any CPU.Build.0 = Release|Any CPU
	EndGlobalSection
	GlobalSection(SolutionProperties) = preSolution
		HideSolutionNode = FALSE
	EndGlobalSection
	GlobalSection(ExtensibilityGlobals) = postSolution
		SolutionGuid = {ED68B248-B837-4006-9CB2-C1CCD582925B}
	EndGlobalSection
EndGlobal
